
Microsoft Visual Studio Solution File, Format Version 12.00
# Visual Studio Version 16
VisualStudioVersion = 16.0.33214.272
MinimumVisualStudioVersion = 10.0.40219.1
Project("{FAE04EC0-301F-11D3-BF4B-00C04F79EFBC}") = "MessageApp", "MessageApp\MessageApp.csproj", "{03CE0DD0-4E1E-4740-A638-1E05F8552880}"
EndProject
Global
	GlobalSection(SolutionConfigurationPlatforms) = preSolution
		Debug|Any CPU = Debug|Any CPU
		Release|Any CPU = Release|Any CPU
	EndGlobalSection
	GlobalSection(ProjectConfigurationPlatforms) = postSolution
		{03CE0DD0-4E1E-4740-A638-1E05F8552880}.Debug|Any CPU.ActiveCfg = Debug|Any CPU
		{03CE0DD0-4E1E-4740-A638-1E05F8552880}.Debug|Any CPU.Build.0 = Debug|Any CPU
		{03CE0DD0-4E1E-4740-A638-1E05F8552880}.Release|Any CPU.ActiveCfg = Release|Any CPU
		{03CE0DD0-4E1E-4740-A638-1E05F8552880}.Release|Any CPU.Build.0 = Release|Any CPU
	EndGlobalSection
	GlobalSection(SolutionProperties) = preSolution
		HideSolutionNode = FALSE
	EndGlobalSection
	GlobalSection(ExtensibilityGlobals) = postSolution
		SolutionGuid = {4FBBAE17-C513-4253-88BD-44F89567FC62}
	EndGlobalSection
EndGlobal
